// !$*UTF8*$!
{
	archiveVersion = 1;
	classes = {
	};
	objectVersion = 46;
	objects = {

/* Begin PBXBuildFile section */
		457B1C771CA4FACE0018F3B6 /* AISpringButton.m in Sources */ = {isa = PBXBuildFile; fileRef = 457B1C761CA4FACE0018F3B6 /* AISpringButton.m */; };
		45F94EFB1C9E998900EE9E03 /* main.m in Sources */ = {isa = PBXBuildFile; fileRef = 45F94EFA1C9E998900EE9E03 /* main.m */; };
		45F94EFE1C9E998900EE9E03 /* AppDelegate.m in Sources */ = {isa = PBXBuildFile; fileRef = 45F94EFD1C9E998900EE9E03 /* AppDelegate.m */; };
		45F94F011C9E998900EE9E03 /* ViewController.m in Sources */ = {isa = PBXBuildFile; fileRef = 45F94F001C9E998900EE9E03 /* ViewController.m */; };
		45F94F041C9E998900EE9E03 /* Main.storyboard in Resources */ = {isa = PBXBuildFile; fileRef = 45F94F021C9E998900EE9E03 /* Main.storyboard */; };
		45F94F061C9E998900EE9E03 /* Assets.xcassets in Resources */ = {isa = PBXBuildFile; fileRef = 45F94F051C9E998900EE9E03 /* Assets.xcassets */; };
		45F94F091C9E998900EE9E03 /* LaunchScreen.storyboard in Resources */ = {isa = PBXBuildFile; fileRef = 45F94F071C9E998900EE9E03 /* LaunchScreen.storyboard */; };
/* End PBXBuildFile section */

/* Begin PBXFileReference section */
		457B1C751CA4FACE0018F3B6 /* AISpringButton.h */ = {isa = PBXFileReference; fileEncoding = 4; lastKnownFileType = sourcecode.c.h; path = AISpringButton.h; sourceTree = "<group>"; };
		457B1C761CA4FACE0018F3B6 /* AISpringButton.m */ = {isa = PBXFileReference; fileEncoding = 4; lastKnownFileType = sourcecode.c.objc; path = AISpringButton.m; sourceTree = "<group>"; };
		45F94EF61C9E998900EE9E03 /* AISpringButtonDemo.app */ = {isa = PBXFileReference; explicitFileType = wrapper.application; includeInIndex = 0; path = AISpringButtonDemo.app; sourceTree = BUILT_PRODUCTS_DIR; };
		45F94EFA1C9E998900EE9E03 /* main.m */ = {isa = PBXFileReference; lastKnownFileType = sourcecode.c.objc; path = main.m; sourceTree = "<group>"; };
		45F94EFC1C9E998900EE9E03 /* AppDelegate.h */ = {isa = PBXFileReference; lastKnownFileType = sourcecode.c.h; path = AppDelegate.h; sourceTree = "<group>"; };
		45F94EFD1C9E998900EE9E03 /* AppDelegate.m */ = {isa = PBXFileReference; lastKnownFileType = sourcecode.c.objc; path = AppDelegate.m; sourceTree = "<group>"; };
		45F94EFF1C9E998900EE9E03 /* ViewController.h */ = {isa = PBXFileReference; lastKnownFileType = sourcecode.c.h; path = ViewController.h; sourceTree = "<group>"; };
		45F94F001C9E998900EE9E03 /* ViewController.m */ = {isa = PBXFileReference; lastKnownFileType = sourcecode.c.objc; path = ViewController.m; sourceTree = "<group>"; };
		45F94F031C9E998900EE9E03 /* Base */ = {isa = PBXFileReference; lastKnownFileType = file.storyboard; name = Base; path = Base.lproj/Main.storyboard; sourceTree = "<group>"; };
		45F94F051C9E998900EE9E03 /* Assets.xcassets */ = {isa = PBXFileReference; lastKnownFileType = folder.assetcatalog; path = Assets.xcassets; sourceTree = "<group>"; };
		45F94F081C9E998900EE9E03 /* Base */ = {isa = PBXFileReference; lastKnownFileType = file.storyboard; name = Base; path = Base.lproj/LaunchScreen.storyboard; sourceTree = "<group>"; };
		45F94F0A1C9E998900EE9E03 /* Info.plist */ = {isa = PBXFileReference; lastKnownFileType = text.plist.xml; path = Info.plist; sourceTree = "<group>"; };
		45F94F131C9E998A00EE9E03 /* AISpringButtonDemoTests.m */ = {isa = PBXFileReference; lastKnownFileType = sourcecode.c.objc; path = AISpringButtonDemoTests.m; sourceTree = "<group>"; };
		45F94F151C9E998A00EE9E03 /* Info.plist */ = {isa = PBXFileReference; lastKnownFileType = text.plist.xml; path = Info.plist; sourceTree = "<group>"; };
		45F94F1E1C9E998A00EE9E03 /* AISpringButtonDemoUITests.m */ = {isa = PBXFileReference; lastKnownFileType = sourcecode.c.objc; path = AISpringButtonDemoUITests.m; sourceTree = "<group>"; };
		45F94F201C9E998A00EE9E03 /* Info.plist */ = {isa = PBXFileReference; lastKnownFileType = text.plist.xml; path = Info.plist; sourceTree = "<group>"; };
/* End PBXFileReference section */

/* Begin PBXFrameworksBuildPhase section */
		45F94EF31C9E998900EE9E03 /* Frameworks */ = {
			isa = PBXFrameworksBuildPhase;
			buildActionMask = 2147483647;
			files = (
			);
			runOnlyForDeploymentPostprocessing = 0;
		};
/* End PBXFrameworksBuildPhase section */

/* Begin PBXGroup section */
		457B1C741CA4FACE0018F3B6 /* AISpringButton */ = {
			isa = PBXGroup;
			children = (
				457B1C751CA4FACE0018F3B6 /* AISpringButton.h */,
				457B1C761CA4FACE0018F3B6 /* AISpringButton.m */,
			);
			path = AISpringButton;
			sourceTree = "<group>";
		};
		45F94EED1C9E998900EE9E03 = {
			isa = PBXGroup;
			children = (
				45F94EF81C9E998900EE9E03 /* AISpringButtonDemo */,
				45F94F121C9E998A00EE9E03 /* AISpringButtonDemoTests */,
				45F94F1D1C9E998A00EE9E03 /* AISpringButtonDemoUITests */,
				45F94EF71C9E998900EE9E03 /* Products */,
			);
			sourceTree = "<group>";
		};
		45F94EF71C9E998900EE9E03 /* Products */ = {
			isa = PBXGroup;
			children = (
				45F94EF61C9E998900EE9E03 /* AISpringButtonDemo.app */,
			);
			name = Products;
			sourceTree = "<group>";
		};
		45F94EF81C9E998900EE9E03 /* AISpringButtonDemo */ = {
			isa = PBXGroup;
			children = (
				457B1C741CA4FACE0018F3B6 /* AISpringButton */,
				45F94EFC1C9E998900EE9E03 /* AppDelegate.h */,
				45F94EFD1C9E998900EE9E03 /* AppDelegate.m */,
				45F94EFF1C9E998900EE9E03 /* ViewController.h */,
				45F94F001C9E998900EE9E03 /* ViewController.m */,
				45F94F051C9E998900EE9E03 /* Assets.xcassets */,
				45F94EF91C9E998900EE9E03 /* Supporting Files */,
			);
			path = AISpringButtonDemo;
			sourceTree = "<group>";
		};
		45F94EF91C9E998900EE9E03 /* Supporting Files */ = {
			isa = PBXGroup;
			children = (
				45F94F021C9E998900EE9E03 /* Main.storyboard */,
				45F94F071C9E998900EE9E03 /* LaunchScreen.storyboard */,
				45F94F0A1C9E998900EE9E03 /* Info.plist */,
				45F94EFA1C9E998900EE9E03 /* main.m */,
			);
			name = "Supporting Files";
			sourceTree = "<group>";
		};
		45F94F121C9E998A00EE9E03 /* AISpringButtonDemoTests */ = {
			isa = PBXGroup;
			children = (
				45F94F131C9E998A00EE9E03 /* AISpringButtonDemoTests.m */,
				45F94F151C9E998A00EE9E03 /* Info.plist */,
			);
			path = AISpringButtonDemoTests;
			sourceTree = "<group>";
		};
		45F94F1D1C9E998A00EE9E03 /* AISpringButtonDemoUITests */ = {
			isa = PBXGroup;
			children = (
				45F94F1E1C9E998A00EE9E03 /* AISpringButtonDemoUITests.m */,
				45F94F201C9E998A00EE9E03 /* Info.plist */,
			);
			path = AISpringButtonDemoUITests;
			sourceTree = "<group>";
		};
/* End PBXGroup section */

/* Begin PBXNativeTarget section */
		45F94EF51C9E998900EE9E03 /* AISpringButtonDemo */ = {
			isa = PBXNativeTarget;
			buildConfigurationList = 45F94F231C9E998A00EE9E03 /* Build configuration list for PBXNativeTarget "AISpringButtonDemo" */;
			buildPhases = (
				45F94EF21C9E998900EE9E03 /* Sources */,
				45F94EF31C9E998900EE9E03 /* Frameworks */,
				45F94EF41C9E998900EE9E03 /* Resources */,
			);
			buildRules = (
			);
			dependencies = (
			);
			name = AISpringButtonDemo;
			productName = AISpringButtonDemo;
			productReference = 45F94EF61C9E998900EE9E03 /* AISpringButtonDemo.app */;
			productType = "com.apple.product-type.application";
		};
/* End PBXNativeTarget section */

/* Begin PBXProject section */
		45F94EEE1C9E998900EE9E03 /* Project object */ = {
			isa = PBXProject;
			attributes = {
				LastUpgradeCheck = 0720;
				ORGANIZATIONNAME = "艾泽鑫";
				TargetAttributes = {
					45F94EF51C9E998900EE9E03 = {
						CreatedOnToolsVersion = 7.2;
					};
				};
			};
			buildConfigurationList = 45F94EF11C9E998900EE9E03 /* Build configuration list for PBXProject "AISpringButtonDemo" */;
			compatibilityVersion = "Xcode 3.2";
			developmentRegion = English;
			hasScannedForEncodings = 0;
			knownRegions = (
				en,
				Base,
			);
			mainGroup = 45F94EED1C9E998900EE9E03;
			productRefGroup = 45F94EF71C9E998900EE9E03 /* Products */;
			projectDirPath = "";
			projectRoot = "";
			targets = (
				45F94EF51C9E998900EE9E03 /* AISpringButtonDemo */,
			);
		};
/* End PBXProject section */

/* Begin PBXResourcesBuildPhase section */
		45F94EF41C9E998900EE9E03 /* Resources */ = {
			isa = PBXResourcesBuildPhase;
			buildActionMask = 2147483647;
			files = (
				45F94F091C9E998900EE9E03 /* LaunchScreen.storyboard in Resources */,
				45F94F061C9E998900EE9E03 /* Assets.xcassets in Resources */,
				45F94F041C9E998900EE9E03 /* Main.storyboard in Resources */,
			);
			runOnlyForDeploymentPostprocessing = 0;
		};
/* End PBXResourcesBuildPhase section */

/* Begin PBXSourcesBuildPhase section */
		45F94EF21C9E998900EE9E03 /* Sources */ = {
			isa = PBXSourcesBuildPhase;
			buildActionMask = 2147483647;
			files = (
				457B1C771CA4FACE0018F3B6 /* AISpringButton.m in Sources */,
				45F94F011C9E998900EE9E03 /* ViewController.m in Sources */,
				45F94EFE1C9E998900EE9E03 /* AppDelegate.m in Sources */,
				45F94EFB1C9E998900EE9E03 /* main.m in Sources */,
			);
			runOnlyForDeploymentPostprocessing = 0;
		};
/* End PBXSourcesBuildPhase section */

/* Begin PBXVariantGroup section */
		45F94F021C9E998900EE9E03 /* Main.storyboard */ = {
			isa = PBXVariantGroup;
			children = (
				45F94F031C9E998900EE9E03 /* Base */,
			);
			name = Main.storyboard;
			sourceTree = "<group>";
		};
		45F94F071C9E998900EE9E03 /* LaunchScreen.storyboard */ = {
			isa = PBXVariantGroup;
			children = (
				45F94F081C9E998900EE9E03 /* Base */,
			);
			name = LaunchScreen.storyboard;
			sourceTree = "<group>";
		};
/* End PBXVariantGroup section */

/* Begin XCBuildConfiguration section */
		45F94F211C9E998A00EE9E03 /* Debug */ = {
			isa = XCBuildConfiguration;
			buildSettings = {
				ALWAYS_SEARCH_USER_PATHS = NO;
				CLANG_CXX_LANGUAGE_STANDARD = "gnu++0x";
				CLANG_CXX_LIBRARY = "libc++";
				CLANG_ENABLE_MODULES = YES;
				CLANG_ENABLE_OBJC_ARC = YES;
				CLANG_WARN_BOOL_CONVERSION = YES;
				CLANG_WARN_CONSTANT_CONVERSION = YES;
				CLANG_WARN_DIRECT_OBJC_ISA_USAGE = YES_ERROR;
				CLANG_WARN_EMPTY_BODY = YES;
				CLANG_WARN_ENUM_CONVERSION = YES;
				CLANG_WARN_INT_CONVERSION = YES;
				CLANG_WARN_OBJC_ROOT_CLASS = YES_ERROR;
				CLANG_WARN_UNREACHABLE_CODE = YES;
				CLANG_WARN__DUPLICATE_METHOD_MATCH = YES;
				"CODE_SIGN_IDENTITY[sdk=iphoneos*]" = "iPhone Developer";
				COPY_PHASE_STRIP = NO;
				DEBUG_INFORMATION_FORMAT = dwarf;
				ENABLE_STRICT_OBJC_MSGSEND = YES;
				ENABLE_TESTABILITY = YES;
				GCC_C_LANGUAGE_STANDARD = gnu99;
				GCC_DYNAMIC_NO_PIC = NO;
				GCC_NO_COMMON_BLOCKS = YES;
				GCC_OPTIMIZATION_LEVEL = 0;
				GCC_PREPROCESSOR_DEFINITIONS = (
					"DEBUG=1",
					"$(inherited)",
				);
				GCC_WARN_64_TO_32_BIT_CONVERSION = YES;
				GCC_WARN_ABOUT_RETURN_TYPE = YES_ERROR;
				GCC_WARN_UNDECLARED_SELECTOR = YES;
				GCC_WARN_UNINITIALIZED_AUTOS = YES_AGGRESSIVE;
				GCC_WARN_UNUSED_FUNCTION = YES;
				GCC_WARN_UNUSED_VARIABLE = YES;
				IPHONEOS_DEPLOYMENT_TARGET = 7.0;
				MTL_ENABLE_DEBUG_INFO = YES;
				ONLY_ACTIVE_ARCH = YES;
				SDKROOT = iphoneos;
			};
			name = Debug;
		};
		45F94F221C9E998A00EE9E03 /* Release */ = {
			isa = XCBuildConfiguration;
			buildSettings = {
				ALWAYS_SEARCH_USER_PATHS = NO;
				CLANG_CXX_LANGUAGE_STANDARD = "gnu++0x";
				CLANG_CXX_LIBRARY = "libc++";
				CLANG_ENABLE_MODULES = YES;
				CLANG_ENABLE_OBJC_ARC = YES;
				CLANG_WARN_BOOL_CONVERSION = YES;
				CLANG_WARN_CONSTANT_CONVERSION = YES;
				CLANG_WARN_DIRECT_OBJC_ISA_USAGE = YES_ERROR;
				CLANG_WARN_EMPTY_BODY = YES;
				CLANG_WARN_ENUM_CONVERSION = YES;
				CLANG_WARN_INT_CONVERSION = YES;
				CLANG_WARN_OBJC_ROOT_CLASS = YES_ERROR;
				CLANG_WARN_UNREACHABLE_CODE = YES;
				CLANG_WARN__DUPLICATE_METHOD_MATCH = YES;
				"CODE_SIGN_IDENTITY[sdk=iphoneos*]" = "iPhone Developer";
				COPY_PHASE_STRIP = NO;
				DEBUG_INFORMATION_FORMAT = "dwarf-with-dsym";
				ENABLE_NS_ASSERTIONS = NO;
				ENABLE_STRICT_OBJC_MSGSEND = YES;
				GCC_C_LANGUAGE_STANDARD = gnu99;
				GCC_NO_COMMON_BLOCKS = YES;
				GCC_WARN_64_TO_32_BIT_CONVERSION = YES;
				GCC_WARN_ABOUT_RETURN_TYPE = YES_ERROR;
				GCC_WARN_UNDECLARED_SELECTOR = YES;
				GCC_WARN_UNINITIALIZED_AUTOS = YES_AGGRESSIVE;
				GCC_WARN_UNUSED_FUNCTION = YES;
				GCC_WARN_UNUSED_VARIABLE = YES;
				IPHONEOS_DEPLOYMENT_TARGET = 7.0;
				MTL_ENABLE_DEBUG_INFO = NO;
				SDKROOT = iphoneos;
				VALIDATE_PRODUCT = YES;
			};
			name = Release;
		};
		45F94F241C9E998A00EE9E03 /* Debug */ = {
			isa = XCBuildConfiguration;
			buildSettings = {
				ASSETCATALOG_COMPILER_APPICON_NAME = AppIcon;
				INFOPLIST_FILE = AISpringButtonDemo/Info.plist;
				LD_RUNPATH_SEARCH_PATHS = "$(inherited) @executable_path/Frameworks";
				PRODUCT_BUNDLE_IDENTIFIER = AZX.AISpringButtonDemo;
				PRODUCT_NAME = "$(TARGET_NAME)";
			};
			name = Debug;
		};
		45F94F251C9E998A00EE9E03 /* Release */ = {
			isa = XCBuildConfiguration;
			buildSettings = {
				ASSETCATALOG_COMPILER_APPICON_NAME = AppIcon;
				INFOPLIST_FILE = AISpringButtonDemo/Info.plist;
				LD_RUNPATH_SEARCH_PATHS = "$(inherited) @executable_path/Frameworks";
				PRODUCT_BUNDLE_IDENTIFIER = AZX.AISpringButtonDemo;
				PRODUCT_NAME = "$(TARGET_NAME)";
			};
			name = Release;
		};
/* End XCBuildConfiguration section */

/* Begin XCConfigurationList section */
		45F94EF11C9E998900EE9E03 /* Build configuration list for PBXProject "AISpringButtonDemo" */ = {
			isa = XCConfigurationList;
			buildConfigurations = (
				45F94F211C9E998A00EE9E03 /* Debug */,
				45F94F221C9E998A00EE9E03 /* Release */,
			);
			defaultConfigurationIsVisible = 0;
			defaultConfigurationName = Release;
		};
		45F94F231C9E998A00EE9E03 /* Build configuration list for PBXNativeTarget "AISpringButtonDemo" */ = {
			isa = XCConfigurationList;
			buildConfigurations = (
				45F94F241C9E998A00EE9E03 /* Debug */,
				45F94F251C9E998A00EE9E03 /* Release */,
			);
			defaultConfigurationIsVisible = 0;
			defaultConfigurationName = Release;
		};
/* End XCConfigurationList section */
	};
	rootObject = 45F94EEE1C9E998900EE9E03 /* Project object */;
}
